
Microsoft Visual Studio Solution File, Format Version 12.00
# Visual Studio Version 16
VisualStudioVersion = 16.0.31105.61
MinimumVisualStudioVersion = 10.0.40219.1
Project("{FAE04EC0-301F-11D3-BF4B-00C04F79EFBC}") = "MyApp.Android", "MyApp\MyApp.Android\MyApp.Android.csproj", "{74CF94DD-E093-439E-BB20-FAC8BEAAA41F}"
EndProject
Project("{FAE04EC0-301F-11D3-BF4B-00C04F79EFBC}") = "MyApp.iOS", "MyApp\MyApp.iOS\MyApp.iOS.csproj", "{93288880-354F-40F3-8933-C2E032A95938}"
EndProject
Project("{FAE04EC0-301F-11D3-BF4B-00C04F79EFBC}") = "MyApp", "MyApp\MyApp\MyApp.csproj", "{2D9F4B92-7C00-4758-8D98-28646C603DA0}"
EndProject
Global
	GlobalSection(SolutionConfigurationPlatforms) = preSolution
		Debug|Any CPU = Debug|Any CPU
		Debug|iPhone = Debug|iPhone
		Debug|iPhoneSimulator = Debug|iPhoneSimulator
		Release|Any CPU = Release|Any CPU
		Release|iPhone = Release|iPhone
		Release|iPhoneSimulator = Release|iPhoneSimulator
	EndGlobalSection
	GlobalSection(ProjectConfigurationPlatforms) = postSolution
		{74CF94DD-E093-439E-BB20-FAC8BEAAA41F}.Debug|Any CPU.ActiveCfg = Debug|Any CPU
		{74CF94DD-E093-439E-BB20-FAC8BEAAA41F}.Debug|Any CPU.Build.0 = Debug|Any CPU
		{74CF94DD-E093-439E-BB20-FAC8BEAAA41F}.Debug|Any CPU.Deploy.0 = Debug|Any CPU
		{74CF94DD-E093-439E-BB20-FAC8BEAAA41F}.Debug|iPhone.ActiveCfg = Debug|Any CPU
		{74CF94DD-E093-439E-BB20-FAC8BEAAA41F}.Debug|iPhone.Build.0 = Debug|Any CPU
		{74CF94DD-E093-439E-BB20-FAC8BEAAA41F}.Debug|iPhone.Deploy.0 = Debug|Any CPU
		{74CF94DD-E093-439E-BB20-FAC8BEAAA41F}.Debug|iPhoneSimulator.ActiveCfg = Debug|Any CPU
		{74CF94DD-E093-439E-BB20-FAC8BEAAA41F}.Debug|iPhoneSimulator.Build.0 = Debug|Any CPU
		{74CF94DD-E093-439E-BB20-FAC8BEAAA41F}.Debug|iPhoneSimulator.Deploy.0 = Debug|Any CPU
		{74CF94DD-E093-439E-BB20-FAC8BEAAA41F}.Release|Any CPU.ActiveCfg = Release|Any CPU
		{74CF94DD-E093-439E-BB20-FAC8BEAAA41F}.Release|Any CPU.Build.0 = Release|Any CPU
		{74CF94DD-E093-439E-BB20-FAC8BEAAA41F}.Release|Any CPU.Deploy.0 = Release|Any CPU
		{74CF94DD-E093-439E-BB20-FAC8BEAAA41F}.Release|iPhone.ActiveCfg = Release|Any CPU
		{74CF94DD-E093-439E-BB20-FAC8BEAAA41F}.Release|iPhone.Build.0 = Release|Any CPU
		{74CF94DD-E093-439E-BB20-FAC8BEAAA41F}.Release|iPhone.Deploy.0 = Release|Any CPU
		{74CF94DD-E093-439E-BB20-FAC8BEAAA41F}.Release|iPhoneSimulator.ActiveCfg = Release|Any CPU
		{74CF94DD-E093-439E-BB20-FAC8BEAAA41F}.Release|iPhoneSimulator.Build.0 = Release|Any CPU
		{74CF94DD-E093-439E-BB20-FAC8BEAAA41F}.Release|iPhoneSimulator.Deploy.0 = Release|Any CPU
		{93288880-354F-40F3-8933-C2E032A95938}.Debug|Any CPU.ActiveCfg = Debug|iPhone
		{93288880-354F-40F3-8933-C2E032A95938}.Debug|Any CPU.Build.0 = Debug|iPhone
		{93288880-354F-40F3-8933-C2E032A95938}.Debug|Any CPU.Deploy.0 = Debug|iPhone
		{93288880-354F-40F3-8933-C2E032A95938}.Debug|iPhone.ActiveCfg = Debug|iPhone
		{93288880-354F-40F3-8933-C2E032A95938}.Debug|iPhone.Build.0 = Debug|iPhone
		{93288880-354F-40F3-8933-C2E032A95938}.Debug|iPhone.Deploy.0 = Debug|iPhone
		{93288880-354F-40F3-8933-C2E032A95938}.Debug|iPhoneSimulator.ActiveCfg = Debug|iPhoneSimulator
		{93288880-354F-40F3-8933-C2E032A95938}.Debug|iPhoneSimulator.Build.0 = Debug|iPhoneSimulator
		{93288880-354F-40F3-8933-C2E032A95938}.Debug|iPhoneSimulator.Deploy.0 = Debug|iPhoneSimulator
		{93288880-354F-40F3-8933-C2E032A95938}.Release|Any CPU.ActiveCfg = Release|iPhoneSimulator
		{93288880-354F-40F3-8933-C2E032A95938}.Release|Any CPU.Build.0 = Release|iPhoneSimulator
		{93288880-354F-40F3-8933-C2E032A95938}.Release|Any CPU.Deploy.0 = Release|iPhoneSimulator
		{93288880-354F-40F3-8933-C2E032A95938}.Release|iPhone.ActiveCfg = Release|iPhone
		{93288880-354F-40F3-8933-C2E032A95938}.Release|iPhone.Build.0 = Release|iPhone
		{93288880-354F-40F3-8933-C2E032A95938}.Release|iPhone.Deploy.0 = Release|iPhone
		{93288880-354F-40F3-8933-C2E032A95938}.Release|iPhoneSimulator.ActiveCfg = Release|iPhoneSimulator
		{93288880-354F-40F3-8933-C2E032A95938}.Release|iPhoneSimulator.Build.0 = Release|iPhoneSimulator
		{93288880-354F-40F3-8933-C2E032A95938}.Release|iPhoneSimulator.Deploy.0 = Release|iPhoneSimulator
		{2D9F4B92-7C00-4758-8D98-28646C603DA0}.Debug|Any CPU.ActiveCfg = Debug|Any CPU
		{2D9F4B92-7C00-4758-8D98-28646C603DA0}.Debug|Any CPU.Build.0 = Debug|Any CPU
		{2D9F4B92-7C00-4758-8D98-28646C603DA0}.Debug|Any CPU.Deploy.0 = Debug|Any CPU
		{2D9F4B92-7C00-4758-8D98-28646C603DA0}.Debug|iPhone.ActiveCfg = Debug|Any CPU
		{2D9F4B92-7C00-4758-8D98-28646C603DA0}.Debug|iPhone.Build.0 = Debug|Any CPU
		{2D9F4B92-7C00-4758-8D98-28646C603DA0}.Debug|iPhone.Deploy.0 = Debug|Any CPU
		{2D9F4B92-7C00-4758-8D98-28646C603DA0}.Debug|iPhoneSimulator.ActiveCfg = Debug|Any CPU
		{2D9F4B92-7C00-4758-8D98-28646C603DA0}.Debug|iPhoneSimulator.Build.0 = Debug|Any CPU
		{2D9F4B92-7C00-4758-8D98-28646C603DA0}.Debug|iPhoneSimulator.Deploy.0 = Debug|Any CPU
		{2D9F4B92-7C00-4758-8D98-28646C603DA0}.Release|Any CPU.ActiveCfg = Release|Any CPU
		{2D9F4B92-7C00-4758-8D98-28646C603DA0}.Release|Any CPU.Build.0 = Release|Any CPU
		{2D9F4B92-7C00-4758-8D98-28646C603DA0}.Release|Any CPU.Deploy.0 = Release|Any CPU
		{2D9F4B92-7C00-4758-8D98-28646C603DA0}.Release|iPhone.ActiveCfg = Release|Any CPU
		{2D9F4B92-7C00-4758-8D98-28646C603DA0}.Release|iPhone.Build.0 = Release|Any CPU
		{2D9F4B92-7C00-4758-8D98-28646C603DA0}.Release|iPhone.Deploy.0 = Release|Any CPU
		{2D9F4B92-7C00-4758-8D98-28646C603DA0}.Release|iPhoneSimulator.ActiveCfg = Release|Any CPU
		{2D9F4B92-7C00-4758-8D98-28646C603DA0}.Release|iPhoneSimulator.Build.0 = Release|Any CPU
		{2D9F4B92-7C00-4758-8D98-28646C603DA0}.Release|iPhoneSimulator.Deploy.0 = Release|Any CPU
	EndGlobalSection
	GlobalSection(SolutionProperties) = preSolution
		HideSolutionNode = FALSE
	EndGlobalSection
	GlobalSection(ExtensibilityGlobals) = postSolution
		SolutionGuid = {105A9928-3071-4C20-AB16-D9E90B4391B0}
	EndGlobalSection
EndGlobal
